
Microsoft Visual Studio Solution File, Format Version 12.00
# Visual Studio Version 16
VisualStudioVersion = 16.0.29411.108
MinimumVisualStudioVersion = 10.0.40219.1
Project("{FAE04EC0-301F-11D3-BF4B-00C04F79EFBC}") = "BlueRuby", "BlueRuby.csproj", "{462A81BC-265C-424E-B1F9-5E06137239AA}"
EndProject
Global
	GlobalSection(SolutionConfigurationPlatforms) = preSolution
		Debug|Any CPU = Debug|Any CPU
		Release|Any CPU = Release|Any CPU
	EndGlobalSection
	GlobalSection(ProjectConfigurationPlatforms) = postSolution
		{462A81BC-265C-424E-B1F9-5E06137239AA}.Debug|Any CPU.ActiveCfg = Debug|Any CPU
		{462A81BC-265C-424E-B1F9-5E06137239AA}.Debug|Any CPU.Build.0 = Debug|Any CPU
		{462A81BC-265C-424E-B1F9-5E06137239AA}.Release|Any CPU.ActiveCfg = Release|Any CPU
		{462A81BC-265C-424E-B1F9-5E06137239AA}.Release|Any CPU.Build.0 = Release|Any CPU
	EndGlobalSection
	GlobalSection(SolutionProperties) = preSolution
		HideSolutionNode = FALSE
	EndGlobalSection
	GlobalSection(ExtensibilityGlobals) = postSolution
		SolutionGuid = {A89E2452-C492-435F-96D6-FF07E3B4D89E}
	EndGlobalSection
EndGlobal
